// !$*UTF8*$!
{
	archiveVersion = 1;
	classes = {
	};
	objectVersion = 46;
	objects = {

/* Begin PBXBuildFile section */
		01775481A090414098E79874 /* libPods.a in Frameworks */ = {isa = PBXBuildFile; fileRef = AF2329CB60114DAD91241F30 /* libPods.a */; };
		6442B2DD1AE1564D00F0C4C6 /* AppDelegate.swift in Sources */ = {isa = PBXBuildFile; fileRef = 6442B2DC1AE1564D00F0C4C6 /* AppDelegate.swift */; };
		6442B2E01AE1564D00F0C4C6 /* Science.xcdatamodeld in Sources */ = {isa = PBXBuildFile; fileRef = 6442B2DE1AE1564D00F0C4C6 /* Science.xcdatamodeld */; };
		6442B2E21AE1564D00F0C4C6 /* ViewController.swift in Sources */ = {isa = PBXBuildFile; fileRef = 6442B2E11AE1564D00F0C4C6 /* ViewController.swift */; };
		6442B2E51AE1564D00F0C4C6 /* Main.storyboard in Resources */ = {isa = PBXBuildFile; fileRef = 6442B2E31AE1564D00F0C4C6 /* Main.storyboard */; };
		6442B2E71AE1564D00F0C4C6 /* Images.xcassets in Resources */ = {isa = PBXBuildFile; fileRef = 6442B2E61AE1564D00F0C4C6 /* Images.xcassets */; };
		6442B2EA1AE1564D00F0C4C6 /* LaunchScreen.xib in Resources */ = {isa = PBXBuildFile; fileRef = 6442B2E81AE1564D00F0C4C6 /* LaunchScreen.xib */; };
		6442B2F61AE1564D00F0C4C6 /* ScienceTests.swift in Sources */ = {isa = PBXBuildFile; fileRef = 6442B2F51AE1564D00F0C4C6 /* ScienceTests.swift */; };
		6442B3001AE1573F00F0C4C6 /* CoreBluetooth.framework in Frameworks */ = {isa = PBXBuildFile; fileRef = 6442B2FF1AE1573F00F0C4C6 /* CoreBluetooth.framework */; };
		6442B3021AE1574400F0C4C6 /* CoreLocation.framework in Frameworks */ = {isa = PBXBuildFile; fileRef = 6442B3011AE1574400F0C4C6 /* CoreLocation.framework */; };
		6442B3041AE1575600F0C4C6 /* MediaPlayer.framework in Frameworks */ = {isa = PBXBuildFile; fileRef = 6442B3031AE1575600F0C4C6 /* MediaPlayer.framework */; };
		6442B3061AE1576300F0C4C6 /* libsqlite3.dylib in Frameworks */ = {isa = PBXBuildFile; fileRef = 6442B3051AE1576300F0C4C6 /* libsqlite3.dylib */; };
		6442B3081AE1577E00F0C4C6 /* libpushmote-sdk.a in Frameworks */ = {isa = PBXBuildFile; fileRef = 6442B3071AE1577E00F0C4C6 /* libpushmote-sdk.a */; };
		647AAC3D1AE962ED00E745F9 /* Exhibits.swift in Sources */ = {isa = PBXBuildFile; fileRef = 647AAC3C1AE962ED00E745F9 /* Exhibits.swift */; };
/* End PBXBuildFile section */

/* Begin PBXContainerItemProxy section */
		6442B2F01AE1564D00F0C4C6 /* PBXContainerItemProxy */ = {
			isa = PBXContainerItemProxy;
			containerPortal = 6442B2CF1AE1564D00F0C4C6 /* Project object */;
			proxyType = 1;
			remoteGlobalIDString = 6442B2D61AE1564D00F0C4C6;
			remoteInfo = Science;
		};
/* End PBXContainerItemProxy section */

/* Begin PBXFileReference section */
		6442B2D71AE1564D00F0C4C6 /* Science.app */ = {isa = PBXFileReference; explicitFileType = wrapper.application; includeInIndex = 0; path = Science.app; sourceTree = BUILT_PRODUCTS_DIR; };
		6442B2DB1AE1564D00F0C4C6 /* Info.plist */ = {isa = PBXFileReference; lastKnownFileType = text.plist.xml; path = Info.plist; sourceTree = "<group>"; };
		6442B2DC1AE1564D00F0C4C6 /* AppDelegate.swift */ = {isa = PBXFileReference; lastKnownFileType = sourcecode.swift; path = AppDelegate.swift; sourceTree = "<group>"; };
		6442B2DF1AE1564D00F0C4C6 /* Science.xcdatamodel */ = {isa = PBXFileReference; lastKnownFileType = wrapper.xcdatamodel; path = Science.xcdatamodel; sourceTree = "<group>"; };
		6442B2E11AE1564D00F0C4C6 /* ViewController.swift */ = {isa = PBXFileReference; lastKnownFileType = sourcecode.swift; path = ViewController.swift; sourceTree = "<group>"; };
		6442B2E41AE1564D00F0C4C6 /* Base */ = {isa = PBXFileReference; lastKnownFileType = file.storyboard; name = Base; path = Base.lproj/Main.storyboard; sourceTree = "<group>"; };
		6442B2E61AE1564D00F0C4C6 /* Images.xcassets */ = {isa = PBXFileReference; lastKnownFileType = folder.assetcatalog; path = Images.xcassets; sourceTree = "<group>"; };
		6442B2E91AE1564D00F0C4C6 /* Base */ = {isa = PBXFileReference; lastKnownFileType = file.xib; name = Base; path = Base.lproj/LaunchScreen.xib; sourceTree = "<group>"; };
		6442B2EF1AE1564D00F0C4C6 /* ScienceTests.xctest */ = {isa = PBXFileReference; explicitFileType = wrapper.cfbundle; includeInIndex = 0; path = ScienceTests.xctest; sourceTree = BUILT_PRODUCTS_DIR; };
		6442B2F41AE1564D00F0C4C6 /* Info.plist */ = {isa = PBXFileReference; lastKnownFileType = text.plist.xml; path = Info.plist; sourceTree = "<group>"; };
		6442B2F51AE1564D00F0C4C6 /* ScienceTests.swift */ = {isa = PBXFileReference; lastKnownFileType = sourcecode.swift; path = ScienceTests.swift; sourceTree = "<group>"; };
		6442B2FF1AE1573F00F0C4C6 /* CoreBluetooth.framework */ = {isa = PBXFileReference; lastKnownFileType = wrapper.framework; name = CoreBluetooth.framework; path = System/Library/Frameworks/CoreBluetooth.framework; sourceTree = SDKROOT; };
		6442B3011AE1574400F0C4C6 /* CoreLocation.framework */ = {isa = PBXFileReference; lastKnownFileType = wrapper.framework; name = CoreLocation.framework; path = System/Library/Frameworks/CoreLocation.framework; sourceTree = SDKROOT; };
		6442B3031AE1575600F0C4C6 /* MediaPlayer.framework */ = {isa = PBXFileReference; lastKnownFileType = wrapper.framework; name = MediaPlayer.framework; path = System/Library/Frameworks/MediaPlayer.framework; sourceTree = SDKROOT; };
		6442B3051AE1576300F0C4C6 /* libsqlite3.dylib */ = {isa = PBXFileReference; lastKnownFileType = "compiled.mach-o.dylib"; name = libsqlite3.dylib; path = usr/lib/libsqlite3.dylib; sourceTree = SDKROOT; };
		6442B3071AE1577E00F0C4C6 /* libpushmote-sdk.a */ = {isa = PBXFileReference; lastKnownFileType = archive.ar; name = "libpushmote-sdk.a"; path = "Science/PushmoteSDK/libpushmote-sdk.a"; sourceTree = "<group>"; };
		6442B3091AE1580C00F0C4C6 /* Pushmote-Bridging-Header.h */ = {isa = PBXFileReference; lastKnownFileType = sourcecode.c.h; path = "Pushmote-Bridging-Header.h"; sourceTree = "<group>"; };
		647AAC3C1AE962ED00E745F9 /* Exhibits.swift */ = {isa = PBXFileReference; fileEncoding = 4; lastKnownFileType = sourcecode.swift; path = Exhibits.swift; sourceTree = "<group>"; };
		AF2329CB60114DAD91241F30 /* libPods.a */ = {isa = PBXFileReference; explicitFileType = archive.ar; includeInIndex = 0; path = libPods.a; sourceTree = BUILT_PRODUCTS_DIR; };
		C8EF8709F4B342E1A5810E6B /* Pods.xcconfig */ = {isa = PBXFileReference; includeInIndex = 1; lastKnownFileType = text.xcconfig; name = Pods.xcconfig; path = Pods/Pods.xcconfig; sourceTree = "<group>"; };
/* End PBXFileReference section */

/* Begin PBXFrameworksBuildPhase section */
		6442B2D41AE1564D00F0C4C6 /* Frameworks */ = {
			isa = PBXFrameworksBuildPhase;
			buildActionMask = 2147483647;
			files = (
				6442B3081AE1577E00F0C4C6 /* libpushmote-sdk.a in Frameworks */,
				6442B3061AE1576300F0C4C6 /* libsqlite3.dylib in Frameworks */,
				6442B3041AE1575600F0C4C6 /* MediaPlayer.framework in Frameworks */,
				6442B3021AE1574400F0C4C6 /* CoreLocation.framework in Frameworks */,
				6442B3001AE1573F00F0C4C6 /* CoreBluetooth.framework in Frameworks */,
				01775481A090414098E79874 /* libPods.a in Frameworks */,
			);
			runOnlyForDeploymentPostprocessing = 0;
		};
		6442B2EC1AE1564D00F0C4C6 /* Frameworks */ = {
			isa = PBXFrameworksBuildPhase;
			buildActionMask = 2147483647;
			files = (
			);
			runOnlyForDeploymentPostprocessing = 0;
		};
/* End PBXFrameworksBuildPhase section */

/* Begin PBXGroup section */
		244BD9EF6402472680985E39 /* Frameworks */ = {
			isa = PBXGroup;
			children = (
				AF2329CB60114DAD91241F30 /* libPods.a */,
			);
			name = Frameworks;
			sourceTree = "<group>";
		};
		6442B2CE1AE1564D00F0C4C6 = {
			isa = PBXGroup;
			children = (
				6442B3071AE1577E00F0C4C6 /* libpushmote-sdk.a */,
				6442B3051AE1576300F0C4C6 /* libsqlite3.dylib */,
				6442B3031AE1575600F0C4C6 /* MediaPlayer.framework */,
				6442B3011AE1574400F0C4C6 /* CoreLocation.framework */,
				6442B2FF1AE1573F00F0C4C6 /* CoreBluetooth.framework */,
				6442B2D91AE1564D00F0C4C6 /* Science */,
				6442B2F21AE1564D00F0C4C6 /* ScienceTests */,
				6442B2D81AE1564D00F0C4C6 /* Products */,
				244BD9EF6402472680985E39 /* Frameworks */,
				C8EF8709F4B342E1A5810E6B /* Pods.xcconfig */,
			);
			sourceTree = "<group>";
		};
		6442B2D81AE1564D00F0C4C6 /* Products */ = {
			isa = PBXGroup;
			children = (
				6442B2D71AE1564D00F0C4C6 /* Science.app */,
				6442B2EF1AE1564D00F0C4C6 /* ScienceTests.xctest */,
			);
			name = Products;
			sourceTree = "<group>";
		};
		6442B2D91AE1564D00F0C4C6 /* Science */ = {
			isa = PBXGroup;
			children = (
				6442B2DC1AE1564D00F0C4C6 /* AppDelegate.swift */,
				647AAC3C1AE962ED00E745F9 /* Exhibits.swift */,
				6442B2E11AE1564D00F0C4C6 /* ViewController.swift */,
				6442B2E31AE1564D00F0C4C6 /* Main.storyboard */,
				6442B2E61AE1564D00F0C4C6 /* Images.xcassets */,
				6442B2E81AE1564D00F0C4C6 /* LaunchScreen.xib */,
				6442B2DE1AE1564D00F0C4C6 /* Science.xcdatamodeld */,
				6442B2DA1AE1564D00F0C4C6 /* Supporting Files */,
				6442B3091AE1580C00F0C4C6 /* Pushmote-Bridging-Header.h */,
			);
			path = Science;
			sourceTree = "<group>";
		};
		6442B2DA1AE1564D00F0C4C6 /* Supporting Files */ = {
			isa = PBXGroup;
			children = (
				6442B2DB1AE1564D00F0C4C6 /* Info.plist */,
			);
			name = "Supporting Files";
			sourceTree = "<group>";
		};
		6442B2F21AE1564D00F0C4C6 /* ScienceTests */ = {
			isa = PBXGroup;
			children = (
				6442B2F51AE1564D00F0C4C6 /* ScienceTests.swift */,
				6442B2F31AE1564D00F0C4C6 /* Supporting Files */,
			);
			path = ScienceTests;
			sourceTree = "<group>";
		};
		6442B2F31AE1564D00F0C4C6 /* Supporting Files */ = {
			isa = PBXGroup;
			children = (
				6442B2F41AE1564D00F0C4C6 /* Info.plist */,
			);
			name = "Supporting Files";
			sourceTree = "<group>";
		};
/* End PBXGroup section */

/* Begin PBXNativeTarget section */
		6442B2D61AE1564D00F0C4C6 /* Science */ = {
			isa = PBXNativeTarget;
			buildConfigurationList = 6442B2F91AE1564D00F0C4C6 /* Build configuration list for PBXNativeTarget "Science" */;
			buildPhases = (
				47614E79FFDC47FD96ACF741 /* Check Pods Manifest.lock */,
				6442B2D31AE1564D00F0C4C6 /* Sources */,
				6442B2D41AE1564D00F0C4C6 /* Frameworks */,
				6442B2D51AE1564D00F0C4C6 /* Resources */,
				16966E5F21C84B5B8AAB8020 /* Copy Pods Resources */,
			);
			buildRules = (
			);
			dependencies = (
			);
			name = Science;
			productName = Science;
			productReference = 6442B2D71AE1564D00F0C4C6 /* Science.app */;
			productType = "com.apple.product-type.application";
		};
		6442B2EE1AE1564D00F0C4C6 /* ScienceTests */ = {
			isa = PBXNativeTarget;
			buildConfigurationList = 6442B2FC1AE1564D00F0C4C6 /* Build configuration list for PBXNativeTarget "ScienceTests" */;
			buildPhases = (
				6442B2EB1AE1564D00F0C4C6 /* Sources */,
				6442B2EC1AE1564D00F0C4C6 /* Frameworks */,
				6442B2ED1AE1564D00F0C4C6 /* Resources */,
			);
			buildRules = (
			);
			dependencies = (
				6442B2F11AE1564D00F0C4C6 /* PBXTargetDependency */,
			);
			name = ScienceTests;
			productName = ScienceTests;
			productReference = 6442B2EF1AE1564D00F0C4C6 /* ScienceTests.xctest */;
			productType = "com.apple.product-type.bundle.unit-test";
		};
/* End PBXNativeTarget section */

/* Begin PBXProject section */
		6442B2CF1AE1564D00F0C4C6 /* Project object */ = {
			isa = PBXProject;
			attributes = {
				LastUpgradeCheck = 0630;
				ORGANIZATIONNAME = Pixels;
				TargetAttributes = {
					6442B2D61AE1564D00F0C4C6 = {
						CreatedOnToolsVersion = 6.3;
						DevelopmentTeam = 5ZVEL82DN8;
						SystemCapabilities = {
							com.apple.BackgroundModes = {
								enabled = 1;
							};
						};
					};
					6442B2EE1AE1564D00F0C4C6 = {
						CreatedOnToolsVersion = 6.3;
						TestTargetID = 6442B2D61AE1564D00F0C4C6;
					};
				};
			};
			buildConfigurationList = 6442B2D21AE1564D00F0C4C6 /* Build configuration list for PBXProject "Science" */;
			compatibilityVersion = "Xcode 3.2";
			developmentRegion = English;
			hasScannedForEncodings = 0;
			knownRegions = (
				en,
				Base,
			);
			mainGroup = 6442B2CE1AE1564D00F0C4C6;
			productRefGroup = 6442B2D81AE1564D00F0C4C6 /* Products */;
			projectDirPath = "";
			projectRoot = "";
			targets = (
				6442B2D61AE1564D00F0C4C6 /* Science */,
				6442B2EE1AE1564D00F0C4C6 /* ScienceTests */,
			);
		};
/* End PBXProject section */

/* Begin PBXResourcesBuildPhase section */
		6442B2D51AE1564D00F0C4C6 /* Resources */ = {
			isa = PBXResourcesBuildPhase;
			buildActionMask = 2147483647;
			files = (
				6442B2E51AE1564D00F0C4C6 /* Main.storyboard in Resources */,
				6442B2EA1AE1564D00F0C4C6 /* LaunchScreen.xib in Resources */,
				6442B2E71AE1564D00F0C4C6 /* Images.xcassets in Resources */,
			);
			runOnlyForDeploymentPostprocessing = 0;
		};
		6442B2ED1AE1564D00F0C4C6 /* Resources */ = {
			isa = PBXResourcesBuildPhase;
			buildActionMask = 2147483647;
			files = (
			);
			runOnlyForDeploymentPostprocessing = 0;
		};
/* End PBXResourcesBuildPhase section */

/* Begin PBXShellScriptBuildPhase section */
		16966E5F21C84B5B8AAB8020 /* Copy Pods Resources */ = {
			isa = PBXShellScriptBuildPhase;
			buildActionMask = 2147483647;
			files = (
			);
			inputPaths = (
			);
			name = "Copy Pods Resources";
			outputPaths = (
			);
			runOnlyForDeploymentPostprocessing = 0;
			shellPath = /bin/sh;
			shellScript = "\"${SRCROOT}/Pods/Pods-resources.sh\"\n";
			showEnvVarsInLog = 0;
		};
		47614E79FFDC47FD96ACF741 /* Check Pods Manifest.lock */ = {
			isa = PBXShellScriptBuildPhase;
			buildActionMask = 2147483647;
			files = (
			);
			inputPaths = (
			);
			name = "Check Pods Manifest.lock";
			outputPaths = (
			);
			runOnlyForDeploymentPostprocessing = 0;
			shellPath = /bin/sh;
			shellScript = "diff \"${PODS_ROOT}/../Podfile.lock\" \"${PODS_ROOT}/Manifest.lock\" > /dev/null\nif [[ $? != 0 ]] ; then\n    cat << EOM\nerror: The sandbox is not in sync with the Podfile.lock. Run 'pod install' or update your CocoaPods installation.\nEOM\n    exit 1\nfi\n";
			showEnvVarsInLog = 0;
		};
/* End PBXShellScriptBuildPhase section */

/* Begin PBXSourcesBuildPhase section */
		6442B2D31AE1564D00F0C4C6 /* Sources */ = {
			isa = PBXSourcesBuildPhase;
			buildActionMask = 2147483647;
			files = (
				6442B2E21AE1564D00F0C4C6 /* ViewController.swift in Sources */,
				647AAC3D1AE962ED00E745F9 /* Exhibits.swift in Sources */,
				6442B2E01AE1564D00F0C4C6 /* Science.xcdatamodeld in Sources */,
				6442B2DD1AE1564D00F0C4C6 /* AppDelegate.swift in Sources */,
			);
			runOnlyForDeploymentPostprocessing = 0;
		};
		6442B2EB1AE1564D00F0C4C6 /* Sources */ = {
			isa = PBXSourcesBuildPhase;
			buildActionMask = 2147483647;
			files = (
				6442B2F61AE1564D00F0C4C6 /* ScienceTests.swift in Sources */,
			);
			runOnlyForDeploymentPostprocessing = 0;
		};
/* End PBXSourcesBuildPhase section */

/* Begin PBXTargetDependency section */
		6442B2F11AE1564D00F0C4C6 /* PBXTargetDependency */ = {
			isa = PBXTargetDependency;
			target = 6442B2D61AE1564D00F0C4C6 /* Science */;
			targetProxy = 6442B2F01AE1564D00F0C4C6 /* PBXContainerItemProxy */;
		};
/* End PBXTargetDependency section */

/* Begin PBXVariantGroup section */
		6442B2E31AE1564D00F0C4C6 /* Main.storyboard */ = {
			isa = PBXVariantGroup;
			children = (
				6442B2E41AE1564D00F0C4C6 /* Base */,
			);
			name = Main.storyboard;
			sourceTree = "<group>";
		};
		6442B2E81AE1564D00F0C4C6 /* LaunchScreen.xib */ = {
			isa = PBXVariantGroup;
			children = (
				6442B2E91AE1564D00F0C4C6 /* Base */,
			);
			name = LaunchScreen.xib;
			sourceTree = "<group>";
		};
/* End PBXVariantGroup section */

/* Begin XCBuildConfiguration section */
		6442B2F71AE1564D00F0C4C6 /* Debug */ = {
			isa = XCBuildConfiguration;
			buildSettings = {
				ALWAYS_SEARCH_USER_PATHS = NO;
				CLANG_CXX_LANGUAGE_STANDARD = "gnu++0x";
				CLANG_CXX_LIBRARY = "libc++";
				CLANG_ENABLE_MODULES = YES;
				CLANG_ENABLE_OBJC_ARC = YES;
				CLANG_WARN_BOOL_CONVERSION = YES;
				CLANG_WARN_CONSTANT_CONVERSION = YES;
				CLANG_WARN_DIRECT_OBJC_ISA_USAGE = YES_ERROR;
				CLANG_WARN_EMPTY_BODY = YES;
				CLANG_WARN_ENUM_CONVERSION = YES;
				CLANG_WARN_INT_CONVERSION = YES;
				CLANG_WARN_OBJC_ROOT_CLASS = YES_ERROR;
				CLANG_WARN_UNREACHABLE_CODE = YES;
				CLANG_WARN__DUPLICATE_METHOD_MATCH = YES;
				"CODE_SIGN_IDENTITY[sdk=iphoneos*]" = "iPhone Developer";
				COPY_PHASE_STRIP = NO;
				DEBUG_INFORMATION_FORMAT = "dwarf-with-dsym";
				ENABLE_STRICT_OBJC_MSGSEND = YES;
				GCC_C_LANGUAGE_STANDARD = gnu99;
				GCC_DYNAMIC_NO_PIC = NO;
				GCC_NO_COMMON_BLOCKS = YES;
				GCC_OPTIMIZATION_LEVEL = 0;
				GCC_PREPROCESSOR_DEFINITIONS = (
					"DEBUG=1",
					"$(inherited)",
				);
				GCC_SYMBOLS_PRIVATE_EXTERN = NO;
				GCC_WARN_64_TO_32_BIT_CONVERSION = YES;
				GCC_WARN_ABOUT_RETURN_TYPE = YES_ERROR;
				GCC_WARN_UNDECLARED_SELECTOR = YES;
				GCC_WARN_UNINITIALIZED_AUTOS = YES_AGGRESSIVE;
				GCC_WARN_UNUSED_FUNCTION = YES;
				GCC_WARN_UNUSED_VARIABLE = YES;
				IPHONEOS_DEPLOYMENT_TARGET = 8.3;
				MTL_ENABLE_DEBUG_INFO = YES;
				ONLY_ACTIVE_ARCH = YES;
				SDKROOT = iphoneos;
				SWIFT_OPTIMIZATION_LEVEL = "-Onone";
			};
			name = Debug;
		};
		6442B2F81AE1564D00F0C4C6 /* Release */ = {
			isa = XCBuildConfiguration;
			buildSettings = {
				ALWAYS_SEARCH_USER_PATHS = NO;
				CLANG_CXX_LANGUAGE_STANDARD = "gnu++0x";
				CLANG_CXX_LIBRARY = "libc++";
				CLANG_ENABLE_MODULES = YES;
				CLANG_ENABLE_OBJC_ARC = YES;
				CLANG_WARN_BOOL_CONVERSION = YES;
				CLANG_WARN_CONSTANT_CONVERSION = YES;
				CLANG_WARN_DIRECT_OBJC_ISA_USAGE = YES_ERROR;
				CLANG_WARN_EMPTY_BODY = YES;
				CLANG_WARN_ENUM_CONVERSION = YES;
				CLANG_WARN_INT_CONVERSION = YES;
				CLANG_WARN_OBJC_ROOT_CLASS = YES_ERROR;
				CLANG_WARN_UNREACHABLE_CODE = YES;
				CLANG_WARN__DUPLICATE_METHOD_MATCH = YES;
				"CODE_SIGN_IDENTITY[sdk=iphoneos*]" = "iPhone Developer";
				COPY_PHASE_STRIP = NO;
				DEBUG_INFORMATION_FORMAT = "dwarf-with-dsym";
				ENABLE_NS_ASSERTIONS = NO;
				ENABLE_STRICT_OBJC_MSGSEND = YES;
				GCC_C_LANGUAGE_STANDARD = gnu99;
				GCC_NO_COMMON_BLOCKS = YES;
				GCC_WARN_64_TO_32_BIT_CONVERSION = YES;
				GCC_WARN_ABOUT_RETURN_TYPE = YES_ERROR;
				GCC_WARN_UNDECLARED_SELECTOR = YES;
				GCC_WARN_UNINITIALIZED_AUTOS = YES_AGGRESSIVE;
				GCC_WARN_UNUSED_FUNCTION = YES;
				GCC_WARN_UNUSED_VARIABLE = YES;
				IPHONEOS_DEPLOYMENT_TARGET = 8.3;
				MTL_ENABLE_DEBUG_INFO = NO;
				SDKROOT = iphoneos;
				VALIDATE_PRODUCT = YES;
			};
			name = Release;
		};
		6442B2FA1AE1564D00F0C4C6 /* Debug */ = {
			isa = XCBuildConfiguration;
			baseConfigurationReference = C8EF8709F4B342E1A5810E6B /* Pods.xcconfig */;
			buildSettings = {
				ASSETCATALOG_COMPILER_APPICON_NAME = AppIcon;
				CODE_SIGN_IDENTITY = "iPhone Developer";
				"CODE_SIGN_IDENTITY[sdk=iphoneos*]" = "iPhone Developer";
				HEADER_SEARCH_PATHS = (
					"$(inherited)",
					/Applications/Xcode.app/Contents/Developer/Toolchains/XcodeDefault.xctoolchain/usr/include,
					"$(SRCROOT)/../PushmoteSDK/Headers",
				);
				INFOPLIST_FILE = Science/Info.plist;
				LD_RUNPATH_SEARCH_PATHS = "$(inherited) @executable_path/Frameworks";
				LIBRARY_SEARCH_PATHS = (
					"$(inherited)",
					"$(PROJECT_DIR)/Science/PushmoteSDK",
				);
				PRODUCT_NAME = "$(TARGET_NAME)";
				PROVISIONING_PROFILE = "";
				SWIFT_OBJC_BRIDGING_HEADER = "$(PROJECT_DIR)/Science/Pushmote-Bridging-Header.h";
			};
			name = Debug;
		};
		6442B2FB1AE1564D00F0C4C6 /* Release */ = {
			isa = XCBuildConfiguration;
			baseConfigurationReference = C8EF8709F4B342E1A5810E6B /* Pods.xcconfig */;
			buildSettings = {
				ASSETCATALOG_COMPILER_APPICON_NAME = AppIcon;
				CODE_SIGN_IDENTITY = "iPhone Developer";
				"CODE_SIGN_IDENTITY[sdk=iphoneos*]" = "iPhone Developer";
				HEADER_SEARCH_PATHS = (
					"$(inherited)",
					/Applications/Xcode.app/Contents/Developer/Toolchains/XcodeDefault.xctoolchain/usr/include,
					"$(SRCROOT)/../PushmoteSDK/Headers",
				);
				INFOPLIST_FILE = Science/Info.plist;
				LD_RUNPATH_SEARCH_PATHS = "$(inherited) @executable_path/Frameworks";
				LIBRARY_SEARCH_PATHS = (
					"$(inherited)",
					"$(PROJECT_DIR)/Science/PushmoteSDK",
				);
				PRODUCT_NAME = "$(TARGET_NAME)";
				PROVISIONING_PROFILE = "";
				SWIFT_OBJC_BRIDGING_HEADER = "$(PROJECT_DIR)/Science/Pushmote-Bridging-Header.h";
			};
			name = Release;
		};
		6442B2FD1AE1564D00F0C4C6 /* Debug */ = {
			isa = XCBuildConfiguration;
			buildSettings = {
				BUNDLE_LOADER = "$(TEST_HOST)";
				FRAMEWORK_SEARCH_PATHS = (
					"$(SDKROOT)/Developer/Library/Frameworks",
					"$(inherited)",
				);
				GCC_PREPROCESSOR_DEFINITIONS = (
					"DEBUG=1",
					"$(inherited)",
				);
				INFOPLIST_FILE = ScienceTests/Info.plist;
				LD_RUNPATH_SEARCH_PATHS = "$(inherited) @executable_path/Frameworks @loader_path/Frameworks";
				PRODUCT_NAME = "$(TARGET_NAME)";
				TEST_HOST = "$(BUILT_PRODUCTS_DIR)/Science.app/Science";
			};
			name = Debug;
		};
		6442B2FE1AE1564D00F0C4C6 /* Release */ = {
			isa = XCBuildConfiguration;
			buildSettings = {
				BUNDLE_LOADER = "$(TEST_HOST)";
				FRAMEWORK_SEARCH_PATHS = (
					"$(SDKROOT)/Developer/Library/Frameworks",
					"$(inherited)",
				);
				INFOPLIST_FILE = ScienceTests/Info.plist;
				LD_RUNPATH_SEARCH_PATHS = "$(inherited) @executable_path/Frameworks @loader_path/Frameworks";
				PRODUCT_NAME = "$(TARGET_NAME)";
				TEST_HOST = "$(BUILT_PRODUCTS_DIR)/Science.app/Science";
			};
			name = Release;
		};
/* End XCBuildConfiguration section */

/* Begin XCConfigurationList section */
		6442B2D21AE1564D00F0C4C6 /* Build configuration list for PBXProject "Science" */ = {
			isa = XCConfigurationList;
			buildConfigurations = (
				6442B2F71AE1564D00F0C4C6 /* Debug */,
				6442B2F81AE1564D00F0C4C6 /* Release */,
			);
			defaultConfigurationIsVisible = 0;
			defaultConfigurationName = Release;
		};
		6442B2F91AE1564D00F0C4C6 /* Build configuration list for PBXNativeTarget "Science" */ = {
			isa = XCConfigurationList;
			buildConfigurations = (
				6442B2FA1AE1564D00F0C4C6 /* Debug */,
				6442B2FB1AE1564D00F0C4C6 /* Release */,
			);
			defaultConfigurationIsVisible = 0;
			defaultConfigurationName = Release;
		};
		6442B2FC1AE1564D00F0C4C6 /* Build configuration list for PBXNativeTarget "ScienceTests" */ = {
			isa = XCConfigurationList;
			buildConfigurations = (
				6442B2FD1AE1564D00F0C4C6 /* Debug */,
				6442B2FE1AE1564D00F0C4C6 /* Release */,
			);
			defaultConfigurationIsVisible = 0;
			defaultConfigurationName = Release;
		};
/* End XCConfigurationList section */

/* Begin XCVersionGroup section */
		6442B2DE1AE1564D00F0C4C6 /* Science.xcdatamodeld */ = {
			isa = XCVersionGroup;
			children = (
				6442B2DF1AE1564D00F0C4C6 /* Science.xcdatamodel */,
			);
			currentVersion = 6442B2DF1AE1564D00F0C4C6 /* Science.xcdatamodel */;
			path = Science.xcdatamodeld;
			sourceTree = "<group>";
			versionGroupType = wrapper.xcdatamodel;
		};
/* End XCVersionGroup section */
	};
	rootObject = 6442B2CF1AE1564D00F0C4C6 /* Project object */;
}
